
Microsoft Visual Studio Solution File, Format Version 12.00
# Visual Studio Version 16
VisualStudioVersion = 16.0.30517.126
MinimumVisualStudioVersion = 10.0.40219.1
Project("{FAE04EC0-301F-11D3-BF4B-00C04F79EFBC}") = "Ex1Matriz", "Ex1Matriz\Ex1Matriz.csproj", "{A9CF5F0B-293F-46B6-A9F4-5C9BDF8F2205}"
EndProject
Global
	GlobalSection(SolutionConfigurationPlatforms) = preSolution
		Debug|Any CPU = Debug|Any CPU
		Release|Any CPU = Release|Any CPU
	EndGlobalSection
	GlobalSection(ProjectConfigurationPlatforms) = postSolution
		{A9CF5F0B-293F-46B6-A9F4-5C9BDF8F2205}.Debug|Any CPU.ActiveCfg = Debug|Any CPU
		{A9CF5F0B-293F-46B6-A9F4-5C9BDF8F2205}.Debug|Any CPU.Build.0 = Debug|Any CPU
		{A9CF5F0B-293F-46B6-A9F4-5C9BDF8F2205}.Release|Any CPU.ActiveCfg = Release|Any CPU
		{A9CF5F0B-293F-46B6-A9F4-5C9BDF8F2205}.Release|Any CPU.Build.0 = Release|Any CPU
	EndGlobalSection
	GlobalSection(SolutionProperties) = preSolution
		HideSolutionNode = FALSE
	EndGlobalSection
	GlobalSection(ExtensibilityGlobals) = postSolution
		SolutionGuid = {62472538-19E2-41D5-97C9-35D9B5E07622}
	EndGlobalSection
EndGlobal
