
Microsoft Visual Studio Solution File, Format Version 12.00
# Visual Studio Version 16
VisualStudioVersion = 16.0.30517.126
MinimumVisualStudioVersion = 10.0.40219.1
Project("{FAE04EC0-301F-11D3-BF4B-00C04F79EFBC}") = "ContaBancaria", "ContaBancaria\ContaBancaria.csproj", "{1AB1661A-17AA-46AA-8C8B-6F360B3A3878}"
EndProject
Global
	GlobalSection(SolutionConfigurationPlatforms) = preSolution
		Debug|Any CPU = Debug|Any CPU
		Release|Any CPU = Release|Any CPU
	EndGlobalSection
	GlobalSection(ProjectConfigurationPlatforms) = postSolution
		{1AB1661A-17AA-46AA-8C8B-6F360B3A3878}.Debug|Any CPU.ActiveCfg = Debug|Any CPU
		{1AB1661A-17AA-46AA-8C8B-6F360B3A3878}.Debug|Any CPU.Build.0 = Debug|Any CPU
		{1AB1661A-17AA-46AA-8C8B-6F360B3A3878}.Release|Any CPU.ActiveCfg = Release|Any CPU
		{1AB1661A-17AA-46AA-8C8B-6F360B3A3878}.Release|Any CPU.Build.0 = Release|Any CPU
	EndGlobalSection
	GlobalSection(SolutionProperties) = preSolution
		HideSolutionNode = FALSE
	EndGlobalSection
	GlobalSection(ExtensibilityGlobals) = postSolution
		SolutionGuid = {2CBC1C48-542E-4AA8-8F21-E1096B0343A3}
	EndGlobalSection
EndGlobal
