
Microsoft Visual Studio Solution File, Format Version 12.00
# Visual Studio Version 16
VisualStudioVersion = 16.0.30517.126
MinimumVisualStudioVersion = 10.0.40219.1
Project("{FAE04EC0-301F-11D3-BF4B-00C04F79EFBC}") = "SwitchCase", "SwitchCase\SwitchCase.csproj", "{F21D87FA-0B8B-4EF1-A325-703BA6813254}"
EndProject
Global
	GlobalSection(SolutionConfigurationPlatforms) = preSolution
		Debug|Any CPU = Debug|Any CPU
		Release|Any CPU = Release|Any CPU
	EndGlobalSection
	GlobalSection(ProjectConfigurationPlatforms) = postSolution
		{F21D87FA-0B8B-4EF1-A325-703BA6813254}.Debug|Any CPU.ActiveCfg = Debug|Any CPU
		{F21D87FA-0B8B-4EF1-A325-703BA6813254}.Debug|Any CPU.Build.0 = Debug|Any CPU
		{F21D87FA-0B8B-4EF1-A325-703BA6813254}.Release|Any CPU.ActiveCfg = Release|Any CPU
		{F21D87FA-0B8B-4EF1-A325-703BA6813254}.Release|Any CPU.Build.0 = Release|Any CPU
	EndGlobalSection
	GlobalSection(SolutionProperties) = preSolution
		HideSolutionNode = FALSE
	EndGlobalSection
	GlobalSection(ExtensibilityGlobals) = postSolution
		SolutionGuid = {7524981E-9C63-4EB3-A3E5-886400D4D561}
	EndGlobalSection
EndGlobal
