
Microsoft Visual Studio Solution File, Format Version 12.00
# Visual Studio Version 16
VisualStudioVersion = 16.0.30517.126
MinimumVisualStudioVersion = 10.0.40219.1
Project("{FAE04EC0-301F-11D3-BF4B-00C04F79EFBC}") = "MatrizExercicio2", "MatrizExercicio2\MatrizExercicio2.csproj", "{A625AAC4-159A-4414-A766-FF05F3997CE8}"
EndProject
Global
	GlobalSection(SolutionConfigurationPlatforms) = preSolution
		Debug|Any CPU = Debug|Any CPU
		Release|Any CPU = Release|Any CPU
	EndGlobalSection
	GlobalSection(ProjectConfigurationPlatforms) = postSolution
		{A625AAC4-159A-4414-A766-FF05F3997CE8}.Debug|Any CPU.ActiveCfg = Debug|Any CPU
		{A625AAC4-159A-4414-A766-FF05F3997CE8}.Debug|Any CPU.Build.0 = Debug|Any CPU
		{A625AAC4-159A-4414-A766-FF05F3997CE8}.Release|Any CPU.ActiveCfg = Release|Any CPU
		{A625AAC4-159A-4414-A766-FF05F3997CE8}.Release|Any CPU.Build.0 = Release|Any CPU
	EndGlobalSection
	GlobalSection(SolutionProperties) = preSolution
		HideSolutionNode = FALSE
	EndGlobalSection
	GlobalSection(ExtensibilityGlobals) = postSolution
		SolutionGuid = {0BA7C3B7-1551-45EE-A709-4DE7BA533DA4}
	EndGlobalSection
EndGlobal
