
Microsoft Visual Studio Solution File, Format Version 12.00
# Visual Studio Version 16
VisualStudioVersion = 16.0.30517.126
MinimumVisualStudioVersion = 10.0.40219.1
Project("{FAE04EC0-301F-11D3-BF4B-00C04F79EFBC}") = "ExHerPolEnc", "ExHerPolEnc\ExHerPolEnc.csproj", "{EFB2AE4B-716E-435F-A5CB-8E800F3B1EC2}"
EndProject
Global
	GlobalSection(SolutionConfigurationPlatforms) = preSolution
		Debug|Any CPU = Debug|Any CPU
		Release|Any CPU = Release|Any CPU
	EndGlobalSection
	GlobalSection(ProjectConfigurationPlatforms) = postSolution
		{EFB2AE4B-716E-435F-A5CB-8E800F3B1EC2}.Debug|Any CPU.ActiveCfg = Debug|Any CPU
		{EFB2AE4B-716E-435F-A5CB-8E800F3B1EC2}.Debug|Any CPU.Build.0 = Debug|Any CPU
		{EFB2AE4B-716E-435F-A5CB-8E800F3B1EC2}.Release|Any CPU.ActiveCfg = Release|Any CPU
		{EFB2AE4B-716E-435F-A5CB-8E800F3B1EC2}.Release|Any CPU.Build.0 = Release|Any CPU
	EndGlobalSection
	GlobalSection(SolutionProperties) = preSolution
		HideSolutionNode = FALSE
	EndGlobalSection
	GlobalSection(ExtensibilityGlobals) = postSolution
		SolutionGuid = {DF958516-C74B-490D-99FE-2CD1943C7DCF}
	EndGlobalSection
EndGlobal
