
Microsoft Visual Studio Solution File, Format Version 12.00
# Visual Studio Version 16
VisualStudioVersion = 16.0.30517.126
MinimumVisualStudioVersion = 10.0.40219.1
Project("{FAE04EC0-301F-11D3-BF4B-00C04F79EFBC}") = "ExercicioFixacaoEnum", "ExercicioFixacaoEnum\ExercicioFixacaoEnum.csproj", "{8929EACA-F80F-41C1-9C05-BCD5948C5DFE}"
EndProject
Global
	GlobalSection(SolutionConfigurationPlatforms) = preSolution
		Debug|Any CPU = Debug|Any CPU
		Release|Any CPU = Release|Any CPU
	EndGlobalSection
	GlobalSection(ProjectConfigurationPlatforms) = postSolution
		{8929EACA-F80F-41C1-9C05-BCD5948C5DFE}.Debug|Any CPU.ActiveCfg = Debug|Any CPU
		{8929EACA-F80F-41C1-9C05-BCD5948C5DFE}.Debug|Any CPU.Build.0 = Debug|Any CPU
		{8929EACA-F80F-41C1-9C05-BCD5948C5DFE}.Release|Any CPU.ActiveCfg = Release|Any CPU
		{8929EACA-F80F-41C1-9C05-BCD5948C5DFE}.Release|Any CPU.Build.0 = Release|Any CPU
	EndGlobalSection
	GlobalSection(SolutionProperties) = preSolution
		HideSolutionNode = FALSE
	EndGlobalSection
	GlobalSection(ExtensibilityGlobals) = postSolution
		SolutionGuid = {A3D49687-FCFC-4DA7-8F96-C731495FF5BD}
	EndGlobalSection
EndGlobal
