
Microsoft Visual Studio Solution File, Format Version 12.00
# Visual Studio Version 16
VisualStudioVersion = 16.0.30517.126
MinimumVisualStudioVersion = 10.0.40219.1
Project("{FAE04EC0-301F-11D3-BF4B-00C04F79EFBC}") = "InferenciaTipos", "InferenciaTipos\InferenciaTipos.csproj", "{29567BAE-5A5E-4770-BFF9-9994C89B8AAB}"
EndProject
Global
	GlobalSection(SolutionConfigurationPlatforms) = preSolution
		Debug|Any CPU = Debug|Any CPU
		Release|Any CPU = Release|Any CPU
	EndGlobalSection
	GlobalSection(ProjectConfigurationPlatforms) = postSolution
		{29567BAE-5A5E-4770-BFF9-9994C89B8AAB}.Debug|Any CPU.ActiveCfg = Debug|Any CPU
		{29567BAE-5A5E-4770-BFF9-9994C89B8AAB}.Debug|Any CPU.Build.0 = Debug|Any CPU
		{29567BAE-5A5E-4770-BFF9-9994C89B8AAB}.Release|Any CPU.ActiveCfg = Release|Any CPU
		{29567BAE-5A5E-4770-BFF9-9994C89B8AAB}.Release|Any CPU.Build.0 = Release|Any CPU
	EndGlobalSection
	GlobalSection(SolutionProperties) = preSolution
		HideSolutionNode = FALSE
	EndGlobalSection
	GlobalSection(ExtensibilityGlobals) = postSolution
		SolutionGuid = {55E5ECF8-0655-4818-A587-4D7D1FC9C3C7}
	EndGlobalSection
EndGlobal
